
Microsoft Visual Studio Solution File, Format Version 12.00
# Visual Studio Version 16
VisualStudioVersion = 16.0.32413.511
MinimumVisualStudioVersion = 10.0.40219.1
Project("{9A19103F-16F7-4668-BE54-9A1E7A4F7556}") = "Configurator", "Configurator\Configurator.csproj", "{3614CE93-DB61-41E1-A5DC-7318A1462CA6}"
	ProjectSection(ProjectDependencies) = postProject
		{740C4040-CC3B-4DA4-94F1-6544D8D074D4} = {740C4040-CC3B-4DA4-94F1-6544D8D074D4}
		{BCE0D2D2-819E-402C-9E5B-352F63FBCB89} = {BCE0D2D2-819E-402C-9E5B-352F63FBCB89}
	EndProjectSection
EndProject
Project("{9A19103F-16F7-4668-BE54-9A1E7A4F7556}") = "Executor", "Executor\Executor.csproj", "{740C4040-CC3B-4DA4-94F1-6544D8D074D4}"
	ProjectSection(ProjectDependencies) = postProject
		{BCE0D2D2-819E-402C-9E5B-352F63FBCB89} = {BCE0D2D2-819E-402C-9E5B-352F63FBCB89}
	EndProjectSection
EndProject
Project("{9A19103F-16F7-4668-BE54-9A1E7A4F7556}") = "LogicStorage", "LogicStorage\LogicStorage.csproj", "{BCE0D2D2-819E-402C-9E5B-352F63FBCB89}"
EndProject
Global
	GlobalSection(SolutionConfigurationPlatforms) = preSolution
		Debug|Any CPU = Debug|Any CPU
		Debug|x86 = Debug|x86
		Release|Any CPU = Release|Any CPU
		Release|x86 = Release|x86
	EndGlobalSection
	GlobalSection(ProjectConfigurationPlatforms) = postSolution
		{3614CE93-DB61-41E1-A5DC-7318A1462CA6}.Debug|Any CPU.ActiveCfg = Debug|Any CPU
		{3614CE93-DB61-41E1-A5DC-7318A1462CA6}.Debug|Any CPU.Build.0 = Debug|Any CPU
		{3614CE93-DB61-41E1-A5DC-7318A1462CA6}.Debug|x86.ActiveCfg = Debug|x86
		{3614CE93-DB61-41E1-A5DC-7318A1462CA6}.Debug|x86.Build.0 = Debug|x86
		{3614CE93-DB61-41E1-A5DC-7318A1462CA6}.Release|Any CPU.ActiveCfg = Release|Any CPU
		{3614CE93-DB61-41E1-A5DC-7318A1462CA6}.Release|Any CPU.Build.0 = Release|Any CPU
		{3614CE93-DB61-41E1-A5DC-7318A1462CA6}.Release|x86.ActiveCfg = Release|x86
		{3614CE93-DB61-41E1-A5DC-7318A1462CA6}.Release|x86.Build.0 = Release|x86
		{740C4040-CC3B-4DA4-94F1-6544D8D074D4}.Debug|Any CPU.ActiveCfg = Debug|Any CPU
		{740C4040-CC3B-4DA4-94F1-6544D8D074D4}.Debug|Any CPU.Build.0 = Debug|Any CPU
		{740C4040-CC3B-4DA4-94F1-6544D8D074D4}.Debug|x86.ActiveCfg = Debug|x86
		{740C4040-CC3B-4DA4-94F1-6544D8D074D4}.Debug|x86.Build.0 = Debug|x86
		{740C4040-CC3B-4DA4-94F1-6544D8D074D4}.Release|Any CPU.ActiveCfg = Release|Any CPU
		{740C4040-CC3B-4DA4-94F1-6544D8D074D4}.Release|Any CPU.Build.0 = Release|Any CPU
		{740C4040-CC3B-4DA4-94F1-6544D8D074D4}.Release|x86.ActiveCfg = Release|x86
		{740C4040-CC3B-4DA4-94F1-6544D8D074D4}.Release|x86.Build.0 = Release|x86
		{BCE0D2D2-819E-402C-9E5B-352F63FBCB89}.Debug|Any CPU.ActiveCfg = Debug|Any CPU
		{BCE0D2D2-819E-402C-9E5B-352F63FBCB89}.Debug|Any CPU.Build.0 = Debug|Any CPU
		{BCE0D2D2-819E-402C-9E5B-352F63FBCB89}.Debug|x86.ActiveCfg = Debug|x86
		{BCE0D2D2-819E-402C-9E5B-352F63FBCB89}.Debug|x86.Build.0 = Debug|x86
		{BCE0D2D2-819E-402C-9E5B-352F63FBCB89}.Release|Any CPU.ActiveCfg = Release|Any CPU
		{BCE0D2D2-819E-402C-9E5B-352F63FBCB89}.Release|Any CPU.Build.0 = Release|Any CPU
		{BCE0D2D2-819E-402C-9E5B-352F63FBCB89}.Release|x86.ActiveCfg = Release|x86
		{BCE0D2D2-819E-402C-9E5B-352F63FBCB89}.Release|x86.Build.0 = Release|x86
	EndGlobalSection
	GlobalSection(SolutionProperties) = preSolution
		HideSolutionNode = FALSE
	EndGlobalSection
	GlobalSection(ExtensibilityGlobals) = postSolution
		SolutionGuid = {8C6E03E5-68A6-41C0-ACE3-93C2251AB8D9}
	EndGlobalSection
EndGlobal
