
Microsoft Visual Studio Solution File, Format Version 12.00
# Visual Studio Version 17
VisualStudioVersion = 17.4.33122.133
MinimumVisualStudioVersion = 10.0.40219.1
Project("{9A19103F-16F7-4668-BE54-9A1E7A4F7556}") = "LogicStorage", "LogicStorage\LogicStorage.csproj", "{BCE0D2D2-819E-402C-9E5B-352F63FBCB89}"
EndProject
Project("{9A19103F-16F7-4668-BE54-9A1E7A4F7556}") = "TrainingBuddy", "TrainingBuddy\TrainingBuddy.csproj", "{FB12D2A2-6887-4DFA-A7E0-DAB594703BFD}"
EndProject
Global
	GlobalSection(SolutionConfigurationPlatforms) = preSolution
		Debug|Any CPU = Debug|Any CPU
		Debug|x86 = Debug|x86
		Release|Any CPU = Release|Any CPU
		Release|x86 = Release|x86
	EndGlobalSection
	GlobalSection(ProjectConfigurationPlatforms) = postSolution
		{BCE0D2D2-819E-402C-9E5B-352F63FBCB89}.Debug|Any CPU.ActiveCfg = Debug|Any CPU
		{BCE0D2D2-819E-402C-9E5B-352F63FBCB89}.Debug|Any CPU.Build.0 = Debug|Any CPU
		{BCE0D2D2-819E-402C-9E5B-352F63FBCB89}.Debug|x86.ActiveCfg = Debug|x86
		{BCE0D2D2-819E-402C-9E5B-352F63FBCB89}.Debug|x86.Build.0 = Debug|x86
		{BCE0D2D2-819E-402C-9E5B-352F63FBCB89}.Release|Any CPU.ActiveCfg = Release|Any CPU
		{BCE0D2D2-819E-402C-9E5B-352F63FBCB89}.Release|Any CPU.Build.0 = Release|Any CPU
		{BCE0D2D2-819E-402C-9E5B-352F63FBCB89}.Release|x86.ActiveCfg = Release|x86
		{BCE0D2D2-819E-402C-9E5B-352F63FBCB89}.Release|x86.Build.0 = Release|x86
		{FB12D2A2-6887-4DFA-A7E0-DAB594703BFD}.Debug|Any CPU.ActiveCfg = Debug|Any CPU
		{FB12D2A2-6887-4DFA-A7E0-DAB594703BFD}.Debug|Any CPU.Build.0 = Debug|Any CPU
		{FB12D2A2-6887-4DFA-A7E0-DAB594703BFD}.Debug|x86.ActiveCfg = Debug|Any CPU
		{FB12D2A2-6887-4DFA-A7E0-DAB594703BFD}.Debug|x86.Build.0 = Debug|Any CPU
		{FB12D2A2-6887-4DFA-A7E0-DAB594703BFD}.Release|Any CPU.ActiveCfg = Release|Any CPU
		{FB12D2A2-6887-4DFA-A7E0-DAB594703BFD}.Release|Any CPU.Build.0 = Release|Any CPU
		{FB12D2A2-6887-4DFA-A7E0-DAB594703BFD}.Release|x86.ActiveCfg = Release|Any CPU
		{FB12D2A2-6887-4DFA-A7E0-DAB594703BFD}.Release|x86.Build.0 = Release|Any CPU
	EndGlobalSection
	GlobalSection(SolutionProperties) = preSolution
		HideSolutionNode = FALSE
	EndGlobalSection
	GlobalSection(ExtensibilityGlobals) = postSolution
		SolutionGuid = {8C6E03E5-68A6-41C0-ACE3-93C2251AB8D9}
	EndGlobalSection
EndGlobal
